
Microsoft Visual Studio Solution File, Format Version 12.00
# Visual Studio Version 17
VisualStudioVersion = 17.5.33424.131
MinimumVisualStudioVersion = 10.0.40219.1
Project("{FAE04EC0-301F-11D3-BF4B-00C04F79EFBC}") = "TechProg_Lab3_Lebed", "TechProg_Lab3_Lebed\TechProg_Lab3_Lebed.csproj", "{D5970C0F-7E1C-4D64-8140-037DBFF713B7}"
EndProject
Global
	GlobalSection(SolutionConfigurationPlatforms) = preSolution
		Debug|Any CPU = Debug|Any CPU
		Release|Any CPU = Release|Any CPU
	EndGlobalSection
	GlobalSection(ProjectConfigurationPlatforms) = postSolution
		{D5970C0F-7E1C-4D64-8140-037DBFF713B7}.Debug|Any CPU.ActiveCfg = Debug|Any CPU
		{D5970C0F-7E1C-4D64-8140-037DBFF713B7}.Debug|Any CPU.Build.0 = Debug|Any CPU
		{D5970C0F-7E1C-4D64-8140-037DBFF713B7}.Release|Any CPU.ActiveCfg = Release|Any CPU
		{D5970C0F-7E1C-4D64-8140-037DBFF713B7}.Release|Any CPU.Build.0 = Release|Any CPU
	EndGlobalSection
	GlobalSection(SolutionProperties) = preSolution
		HideSolutionNode = FALSE
	EndGlobalSection
	GlobalSection(ExtensibilityGlobals) = postSolution
		SolutionGuid = {F7BB2D7C-400F-43DA-9335-26503F931769}
	EndGlobalSection
EndGlobal
